
Microsoft Visual Studio Solution File, Format Version 12.00
# Visual Studio Version 17
VisualStudioVersion = 17.3.32819.101
MinimumVisualStudioVersion = 10.0.40219.1
Project("{FAE04EC0-301F-11D3-BF4B-00C04F79EFBC}") = "Dividir constructor", "Dividir constructor\Dividir constructor.csproj", "{10E628B7-B604-427C-8E5A-73E2F60BE634}"
EndProject
Global
	GlobalSection(SolutionConfigurationPlatforms) = preSolution
		Debug|Any CPU = Debug|Any CPU
		Release|Any CPU = Release|Any CPU
	EndGlobalSection
	GlobalSection(ProjectConfigurationPlatforms) = postSolution
		{10E628B7-B604-427C-8E5A-73E2F60BE634}.Debug|Any CPU.ActiveCfg = Debug|Any CPU
		{10E628B7-B604-427C-8E5A-73E2F60BE634}.Debug|Any CPU.Build.0 = Debug|Any CPU
		{10E628B7-B604-427C-8E5A-73E2F60BE634}.Release|Any CPU.ActiveCfg = Release|Any CPU
		{10E628B7-B604-427C-8E5A-73E2F60BE634}.Release|Any CPU.Build.0 = Release|Any CPU
	EndGlobalSection
	GlobalSection(SolutionProperties) = preSolution
		HideSolutionNode = FALSE
	EndGlobalSection
	GlobalSection(ExtensibilityGlobals) = postSolution
		SolutionGuid = {C38A2653-1B1A-4B4D-80D4-CC709AFC5ACE}
	EndGlobalSection
EndGlobal
